
Microsoft Visual Studio Solution File, Format Version 12.00
# Visual Studio Version 16
VisualStudioVersion = 16.0.29318.209
MinimumVisualStudioVersion = 10.0.40219.1
Project("{FAE04EC0-301F-11D3-BF4B-00C04F79EFBC}") = "nikSimetic", "nikSimetic.csproj", "{CE307B23-CA28-45A5-AC26-9DDE4BB72196}"
EndProject
Global
	GlobalSection(SolutionConfigurationPlatforms) = preSolution
		Debug|Any CPU = Debug|Any CPU
		Release|Any CPU = Release|Any CPU
	EndGlobalSection
	GlobalSection(ProjectConfigurationPlatforms) = postSolution
		{CE307B23-CA28-45A5-AC26-9DDE4BB72196}.Debug|Any CPU.ActiveCfg = Debug|Any CPU
		{CE307B23-CA28-45A5-AC26-9DDE4BB72196}.Debug|Any CPU.Build.0 = Debug|Any CPU
		{CE307B23-CA28-45A5-AC26-9DDE4BB72196}.Release|Any CPU.ActiveCfg = Release|Any CPU
		{CE307B23-CA28-45A5-AC26-9DDE4BB72196}.Release|Any CPU.Build.0 = Release|Any CPU
	EndGlobalSection
	GlobalSection(SolutionProperties) = preSolution
		HideSolutionNode = FALSE
	EndGlobalSection
	GlobalSection(ExtensibilityGlobals) = postSolution
		SolutionGuid = {F5C4614F-13E2-46E0-8DF1-4F8007AFBD59}
	EndGlobalSection
EndGlobal
